
Microsoft Visual Studio Solution File, Format Version 12.00
# Visual Studio 14
VisualStudioVersion = 14.0.25420.1
MinimumVisualStudioVersion = 10.0.40219.1
Project("{FAE04EC0-301F-11D3-BF4B-00C04F79EFBC}") = "Calculator", "Calculator\Calculator.csproj", "{01002A05-8F48-4191-B315-F2238CD7604D}"
EndProject
Project("{FAE04EC0-301F-11D3-BF4B-00C04F79EFBC}") = "Calc2", "Calc2\Calc2.csproj", "{72679C29-25D7-4FE9-93DD-11F679F88952}"
EndProject
Global
	GlobalSection(SolutionConfigurationPlatforms) = preSolution
		Debug|Any CPU = Debug|Any CPU
		Release|Any CPU = Release|Any CPU
	EndGlobalSection
	GlobalSection(ProjectConfigurationPlatforms) = postSolution
		{01002A05-8F48-4191-B315-F2238CD7604D}.Debug|Any CPU.ActiveCfg = Debug|Any CPU
		{01002A05-8F48-4191-B315-F2238CD7604D}.Debug|Any CPU.Build.0 = Debug|Any CPU
		{01002A05-8F48-4191-B315-F2238CD7604D}.Release|Any CPU.ActiveCfg = Release|Any CPU
		{01002A05-8F48-4191-B315-F2238CD7604D}.Release|Any CPU.Build.0 = Release|Any CPU
		{72679C29-25D7-4FE9-93DD-11F679F88952}.Debug|Any CPU.ActiveCfg = Debug|Any CPU
		{72679C29-25D7-4FE9-93DD-11F679F88952}.Debug|Any CPU.Build.0 = Debug|Any CPU
		{72679C29-25D7-4FE9-93DD-11F679F88952}.Release|Any CPU.ActiveCfg = Release|Any CPU
		{72679C29-25D7-4FE9-93DD-11F679F88952}.Release|Any CPU.Build.0 = Release|Any CPU
	EndGlobalSection
	GlobalSection(SolutionProperties) = preSolution
		HideSolutionNode = FALSE
	EndGlobalSection
EndGlobal
